PODS:
  - Expecta (1.0.3)
  - Specta (1.0.4)
  - TextFileMerge (0.1.0)

DEPENDENCIES:
  - Expecta
  - Specta
  - TextFileMerge (from `../TextFileMerge.podspec`)

EXTERNAL SOURCES:
  TextFileMerge:
    :path: "../TextFileMerge.podspec"

SPEC CHECKSUMS:
  Expecta: 9d1bff6c8b0eeee73a166a2ee898892478927a15
  Specta: 69bb134672aae190a1379ff91df07dad8dd1f869
  TextFileMerge: 0f10f54956ef9fabfbc7a920d5d72c61662111bb

COCOAPODS: 0.39.0
